// !$*UTF8*$!
{
	archiveVersion = 1;
	classes = {
	};
	objectVersion = 77;
	objects = {

/* Begin PBXBuildFile section */
		962E4A212DAC4BC60054AC1D /* FirebaseAnalytics in Frameworks */ = {isa = PBXBuildFile; productRef = 962E4A202DAC4BC60054AC1D /* FirebaseAnalytics */; };
/* End PBXBuildFile section */

/* Begin PBXContainerItemProxy section */
		962E49E32DAC435F0054AC1D /* PBXContainerItemProxy */ = {
			isa = PBXContainerItemProxy;
			containerPortal = 962E49CA2DAC435D0054AC1D /* Project object */;
			proxyType = 1;
			remoteGlobalIDString = 962E49D12DAC435D0054AC1D;
			remoteInfo = "iOS-Bootcamp-Project";
		};
		962E49ED2DAC435F0054AC1D /* PBXContainerItemProxy */ = {
			isa = PBXContainerItemProxy;
			containerPortal = 962E49CA2DAC435D0054AC1D /* Project object */;
			proxyType = 1;
			remoteGlobalIDString = 962E49D12DAC435D0054AC1D;
			remoteInfo = "iOS-Bootcamp-Project";
		};
/* End PBXContainerItemProxy section */

/* Begin PBXFileReference section */
		962E49D22DAC435D0054AC1D /* iOS-Bootcamp-Project.app */ = {isa = PBXFileReference; explicitFileType = wrapper.application; includeInIndex = 0; path = "iOS-Bootcamp-Project.app"; sourceTree = BUILT_PRODUCTS_DIR; };
		962E49E22DAC435F0054AC1D /* iOS-Bootcamp-ProjectTests.xctest */ = {isa = PBXFileReference; explicitFileType = wrapper.cfbundle; includeInIndex = 0; path = "iOS-Bootcamp-ProjectTests.xctest"; sourceTree = BUILT_PRODUCTS_DIR; };
		962E49EC2DAC435F0054AC1D /* iOS-Bootcamp-ProjectUITests.xctest */ = {isa = PBXFileReference; explicitFileType = wrapper.cfbundle; includeInIndex = 0; path = "iOS-Bootcamp-ProjectUITests.xctest"; sourceTree = BUILT_PRODUCTS_DIR; };
/* End PBXFileReference section */

/* Begin PBXFileSystemSynchronizedRootGroup section */
		962E49D42DAC435D0054AC1D /* iOS-Bootcamp-Project */ = {
			isa = PBXFileSystemSynchronizedRootGroup;
			path = "iOS-Bootcamp-Project";
			sourceTree = "<group>";
		};
		962E49E52DAC435F0054AC1D /* iOS-Bootcamp-ProjectTests */ = {
			isa = PBXFileSystemSynchronizedRootGroup;
			path = "iOS-Bootcamp-ProjectTests";
			sourceTree = "<group>";
		};
		962E49EF2DAC435F0054AC1D /* iOS-Bootcamp-ProjectUITests */ = {
			isa = PBXFileSystemSynchronizedRootGroup;
			path = "iOS-Bootcamp-ProjectUITests";
			sourceTree = "<group>";
		};
/* End PBXFileSystemSynchronizedRootGroup section */

/* Begin PBXFrameworksBuildPhase section */
		962E49CF2DAC435D0054AC1D /* Frameworks */ = {
			isa = PBXFrameworksBuildPhase;
			buildActionMask = 2147483647;
			files = (
				962E4A212DAC4BC60054AC1D /* FirebaseAnalytics in Frameworks */,
			);
			runOnlyForDeploymentPostprocessing = 0;
		};
		962E49DF2DAC435F0054AC1D /* Frameworks */ = {
			isa = PBXFrameworksBuildPhase;
			buildActionMask = 2147483647;
			files = (
			);
			runOnlyForDeploymentPostprocessing = 0;
		};
		962E49E92DAC435F0054AC1D /* Frameworks */ = {
			isa = PBXFrameworksBuildPhase;
			buildActionMask = 2147483647;
			files = (
			);
			runOnlyForDeploymentPostprocessing = 0;
		};
/* End PBXFrameworksBuildPhase section */

/* Begin PBXGroup section */
		962E49C92DAC435D0054AC1D = {
			isa = PBXGroup;
			children = (
				962E49D42DAC435D0054AC1D /* iOS-Bootcamp-Project */,
				962E49E52DAC435F0054AC1D /* iOS-Bootcamp-ProjectTests */,
				962E49EF2DAC435F0054AC1D /* iOS-Bootcamp-ProjectUITests */,
				962E49D32DAC435D0054AC1D /* Products */,
			);
			sourceTree = "<group>";
		};
		962E49D32DAC435D0054AC1D /* Products */ = {
			isa = PBXGroup;
			children = (
				962E49D22DAC435D0054AC1D /* iOS-Bootcamp-Project.app */,
				962E49E22DAC435F0054AC1D /* iOS-Bootcamp-ProjectTests.xctest */,
				962E49EC2DAC435F0054AC1D /* iOS-Bootcamp-ProjectUITests.xctest */,
			);
			name = Products;
			sourceTree = "<group>";
		};
/* End PBXGroup section */

/* Begin PBXNativeTarget section */
		962E49D12DAC435D0054AC1D /* iOS-Bootcamp-Project */ = {
			isa = PBXNativeTarget;
			buildConfigurationList = 962E49F62DAC435F0054AC1D /* Build configuration list for PBXNativeTarget "iOS-Bootcamp-Project" */;
			buildPhases = (
				962E49CE2DAC435D0054AC1D /* Sources */,
				962E49CF2DAC435D0054AC1D /* Frameworks */,
				962E49D02DAC435D0054AC1D /* Resources */,
			);
			buildRules = (
			);
			dependencies = (
			);
			fileSystemSynchronizedGroups = (
				962E49D42DAC435D0054AC1D /* iOS-Bootcamp-Project */,
			);
			name = "iOS-Bootcamp-Project";
			packageProductDependencies = (
				962E4A202DAC4BC60054AC1D /* FirebaseAnalytics */,
			);
			productName = "iOS-Bootcamp-Project";
			productReference = 962E49D22DAC435D0054AC1D /* iOS-Bootcamp-Project.app */;
			productType = "com.apple.product-type.application";
		};
		962E49E12DAC435F0054AC1D /* iOS-Bootcamp-ProjectTests */ = {
			isa = PBXNativeTarget;
			buildConfigurationList = 962E49F92DAC435F0054AC1D /* Build configuration list for PBXNativeTarget "iOS-Bootcamp-ProjectTests" */;
			buildPhases = (
				962E49DE2DAC435F0054AC1D /* Sources */,
				962E49DF2DAC435F0054AC1D /* Frameworks */,
				962E49E02DAC435F0054AC1D /* Resources */,
			);
			buildRules = (
			);
			dependencies = (
				962E49E42DAC435F0054AC1D /* PBXTargetDependency */,
			);
			fileSystemSynchronizedGroups = (
				962E49E52DAC435F0054AC1D /* iOS-Bootcamp-ProjectTests */,
			);
			name = "iOS-Bootcamp-ProjectTests";
			packageProductDependencies = (
			);
			productName = "iOS-Bootcamp-ProjectTests";
			productReference = 962E49E22DAC435F0054AC1D /* iOS-Bootcamp-ProjectTests.xctest */;
			productType = "com.apple.product-type.bundle.unit-test";
		};
		962E49EB2DAC435F0054AC1D /* iOS-Bootcamp-ProjectUITests */ = {
			isa = PBXNativeTarget;
			buildConfigurationList = 962E49FC2DAC435F0054AC1D /* Build configuration list for PBXNativeTarget "iOS-Bootcamp-ProjectUITests" */;
			buildPhases = (
				962E49E82DAC435F0054AC1D /* Sources */,
				962E49E92DAC435F0054AC1D /* Frameworks */,
				962E49EA2DAC435F0054AC1D /* Resources */,
			);
			buildRules = (
			);
			dependencies = (
				962E49EE2DAC435F0054AC1D /* PBXTargetDependency */,
			);
			fileSystemSynchronizedGroups = (
				962E49EF2DAC435F0054AC1D /* iOS-Bootcamp-ProjectUITests */,
			);
			name = "iOS-Bootcamp-ProjectUITests";
			packageProductDependencies = (
			);
			productName = "iOS-Bootcamp-ProjectUITests";
			productReference = 962E49EC2DAC435F0054AC1D /* iOS-Bootcamp-ProjectUITests.xctest */;
			productType = "com.apple.product-type.bundle.ui-testing";
		};
/* End PBXNativeTarget section */

/* Begin PBXProject section */
		962E49CA2DAC435D0054AC1D /* Project object */ = {
			isa = PBXProject;
			attributes = {
				BuildIndependentTargetsInParallel = 1;
				LastSwiftUpdateCheck = 1620;
				LastUpgradeCheck = 1620;
				TargetAttributes = {
					962E49D12DAC435D0054AC1D = {
						CreatedOnToolsVersion = 16.2;
					};
					962E49E12DAC435F0054AC1D = {
						CreatedOnToolsVersion = 16.2;
						TestTargetID = 962E49D12DAC435D0054AC1D;
					};
					962E49EB2DAC435F0054AC1D = {
						CreatedOnToolsVersion = 16.2;
						TestTargetID = 962E49D12DAC435D0054AC1D;
					};
				};
			};
			buildConfigurationList = 962E49CD2DAC435D0054AC1D /* Build configuration list for PBXProject "iOS-Bootcamp-Project" */;
			developmentRegion = en;
			hasScannedForEncodings = 0;
			knownRegions = (
				en,
				Base,
			);
			mainGroup = 962E49C92DAC435D0054AC1D;
			minimizedProjectReferenceProxies = 1;
			packageReferences = (
				962E4A1F2DAC4B580054AC1D /* XCRemoteSwiftPackageReference "firebase-ios-sdk" */,
			);
			preferredProjectObjectVersion = 77;
			productRefGroup = 962E49D32DAC435D0054AC1D /* Products */;
			projectDirPath = "";
			projectRoot = "";
			targets = (
				962E49D12DAC435D0054AC1D /* iOS-Bootcamp-Project */,
				962E49E12DAC435F0054AC1D /* iOS-Bootcamp-ProjectTests */,
				962E49EB2DAC435F0054AC1D /* iOS-Bootcamp-ProjectUITests */,
			);
		};
/* End PBXProject section */

/* Begin PBXResourcesBuildPhase section */
		962E49D02DAC435D0054AC1D /* Resources */ = {
			isa = PBXResourcesBuildPhase;
			buildActionMask = 2147483647;
			files = (
			);
			runOnlyForDeploymentPostprocessing = 0;
		};
		962E49E02DAC435F0054AC1D /* Resources */ = {
			isa = PBXResourcesBuildPhase;
			buildActionMask = 2147483647;
			files = (
			);
			runOnlyForDeploymentPostprocessing = 0;
		};
		962E49EA2DAC435F0054AC1D /* Resources */ = {
			isa = PBXResourcesBuildPhase;
			buildActionMask = 2147483647;
			files = (
			);
			runOnlyForDeploymentPostprocessing = 0;
		};
/* End PBXResourcesBuildPhase section */

/* Begin PBXSourcesBuildPhase section */
		962E49CE2DAC435D0054AC1D /* Sources */ = {
			isa = PBXSourcesBuildPhase;
			buildActionMask = 2147483647;
			files = (
			);
			runOnlyForDeploymentPostprocessing = 0;
		};
		962E49DE2DAC435F0054AC1D /* Sources */ = {
			isa = PBXSourcesBuildPhase;
			buildActionMask = 2147483647;
			files = (
			);
			runOnlyForDeploymentPostprocessing = 0;
		};
		962E49E82DAC435F0054AC1D /* Sources */ = {
			isa = PBXSourcesBuildPhase;
			buildActionMask = 2147483647;
			files = (
			);
			runOnlyForDeploymentPostprocessing = 0;
		};
/* End PBXSourcesBuildPhase section */

/* Begin PBXTargetDependency section */
		962E49E42DAC435F0054AC1D /* PBXTargetDependency */ = {
			isa = PBXTargetDependency;
			target = 962E49D12DAC435D0054AC1D /* iOS-Bootcamp-Project */;
			targetProxy = 962E49E32DAC435F0054AC1D /* PBXContainerItemProxy */;
		};
		962E49EE2DAC435F0054AC1D /* PBXTargetDependency */ = {
			isa = PBXTargetDependency;
			target = 962E49D12DAC435D0054AC1D /* iOS-Bootcamp-Project */;
			targetProxy = 962E49ED2DAC435F0054AC1D /* PBXContainerItemProxy */;
		};
/* End PBXTargetDependency section */

/* Begin XCBuildConfiguration section */
		962E49F42DAC435F0054AC1D /* Debug */ = {
			isa = XCBuildConfiguration;
			buildSettings = {
				ALWAYS_SEARCH_USER_PATHS = NO;
				ASSETCATALOG_COMPILER_GENERATE_SWIFT_ASSET_SYMBOL_EXTENSIONS = YES;
				CLANG_ANALYZER_NONNULL = YES;
				CLANG_ANALYZER_NUMBER_OBJECT_CONVERSION = YES_AGGRESSIVE;
				CLANG_CXX_LANGUAGE_STANDARD = "gnu++20";
				CLANG_ENABLE_MODULES = YES;
				CLANG_ENABLE_OBJC_ARC = YES;
				CLANG_ENABLE_OBJC_WEAK = YES;
				CLANG_WARN_BLOCK_CAPTURE_AUTORELEASING = YES;
				CLANG_WARN_BOOL_CONVERSION = YES;
				CLANG_WARN_COMMA = YES;
				CLANG_WARN_CONSTANT_CONVERSION = YES;
				CLANG_WARN_DEPRECATED_OBJC_IMPLEMENTATIONS = YES;
				CLANG_WARN_DIRECT_OBJC_ISA_USAGE = YES_ERROR;
				CLANG_WARN_DOCUMENTATION_COMMENTS = YES;
				CLANG_WARN_EMPTY_BODY = YES;
				CLANG_WARN_ENUM_CONVERSION = YES;
				CLANG_WARN_INFINITE_RECURSION = YES;
				CLANG_WARN_INT_CONVERSION = YES;
				CLANG_WARN_NON_LITERAL_NULL_CONVERSION = YES;
				CLANG_WARN_OBJC_IMPLICIT_RETAIN_SELF = YES;
				CLANG_WARN_OBJC_LITERAL_CONVERSION = YES;
				CLANG_WARN_OBJC_ROOT_CLASS = YES_ERROR;
				CLANG_WARN_QUOTED_INCLUDE_IN_FRAMEWORK_HEADER = YES;
				CLANG_WARN_RANGE_LOOP_ANALYSIS = YES;
				CLANG_WARN_STRICT_PROTOTYPES = YES;
				CLANG_WARN_SUSPICIOUS_MOVE = YES;
				CLANG_WARN_UNGUARDED_AVAILABILITY = YES_AGGRESSIVE;
				CLANG_WARN_UNREACHABLE_CODE = YES;
				CLANG_WARN__DUPLICATE_METHOD_MATCH = YES;
				COPY_PHASE_STRIP = NO;
				DEBUG_INFORMATION_FORMAT = dwarf;
				ENABLE_STRICT_OBJC_MSGSEND = YES;
				ENABLE_TESTABILITY = YES;
				ENABLE_USER_SCRIPT_SANDBOXING = YES;
				GCC_C_LANGUAGE_STANDARD = gnu17;
				GCC_DYNAMIC_NO_PIC = NO;
				GCC_NO_COMMON_BLOCKS = YES;
				GCC_OPTIMIZATION_LEVEL = 0;
				GCC_PREPROCESSOR_DEFINITIONS = (
					"DEBUG=1",
					"$(inherited)",
				);
				GCC_WARN_64_TO_32_BIT_CONVERSION = YES;
				GCC_WARN_ABOUT_RETURN_TYPE = YES_ERROR;
				GCC_WARN_UNDECLARED_SELECTOR = YES;
				GCC_WARN_UNINITIALIZED_AUTOS = YES_AGGRESSIVE;
				GCC_WARN_UNUSED_FUNCTION = YES;
				GCC_WARN_UNUSED_VARIABLE = YES;
				IPHONEOS_DEPLOYMENT_TARGET = 18.2;
				LOCALIZATION_PREFERS_STRING_CATALOGS = YES;
				MTL_ENABLE_DEBUG_INFO = INCLUDE_SOURCE;
				MTL_FAST_MATH = YES;
				ONLY_ACTIVE_ARCH = YES;
				SDKROOT = iphoneos;
				SWIFT_ACTIVE_COMPILATION_CONDITIONS = "DEBUG $(inherited)";
				SWIFT_OPTIMIZATION_LEVEL = "-Onone";
			};
			name = Debug;
		};
		962E49F52DAC435F0054AC1D /* Release */ = {
			isa = XCBuildConfiguration;
			buildSettings = {
				ALWAYS_SEARCH_USER_PATHS = NO;
				ASSETCATALOG_COMPILER_GENERATE_SWIFT_ASSET_SYMBOL_EXTENSIONS = YES;
				CLANG_ANALYZER_NONNULL = YES;
				CLANG_ANALYZER_NUMBER_OBJECT_CONVERSION = YES_AGGRESSIVE;
				CLANG_CXX_LANGUAGE_STANDARD = "gnu++20";
				CLANG_ENABLE_MODULES = YES;
				CLANG_ENABLE_OBJC_ARC = YES;
				CLANG_ENABLE_OBJC_WEAK = YES;
				CLANG_WARN_BLOCK_CAPTURE_AUTORELEASING = YES;
				CLANG_WARN_BOOL_CONVERSION = YES;
				CLANG_WARN_COMMA = YES;
				CLANG_WARN_CONSTANT_CONVERSION = YES;
				CLANG_WARN_DEPRECATED_OBJC_IMPLEMENTATIONS = YES;
				CLANG_WARN_DIRECT_OBJC_ISA_USAGE = YES_ERROR;
				CLANG_WARN_DOCUMENTATION_COMMENTS = YES;
				CLANG_WARN_EMPTY_BODY = YES;
				CLANG_WARN_ENUM_CONVERSION = YES;
				CLANG_WARN_INFINITE_RECURSION = YES;
				CLANG_WARN_INT_CONVERSION = YES;
				CLANG_WARN_NON_LITERAL_NULL_CONVERSION = YES;
				CLANG_WARN_OBJC_IMPLICIT_RETAIN_SELF = YES;
				CLANG_WARN_OBJC_LITERAL_CONVERSION = YES;
				CLANG_WARN_OBJC_ROOT_CLASS = YES_ERROR;
				CLANG_WARN_QUOTED_INCLUDE_IN_FRAMEWORK_HEADER = YES;
				CLANG_WARN_RANGE_LOOP_ANALYSIS = YES;
				CLANG_WARN_STRICT_PROTOTYPES = YES;
				CLANG_WARN_SUSPICIOUS_MOVE = YES;
				CLANG_WARN_UNGUARDED_AVAILABILITY = YES_AGGRESSIVE;
				CLANG_WARN_UNREACHABLE_CODE = YES;
				CLANG_WARN__DUPLICATE_METHOD_MATCH = YES;
				COPY_PHASE_STRIP = NO;
				DEBUG_INFORMATION_FORMAT = "dwarf-with-dsym";
				ENABLE_NS_ASSERTIONS = NO;
				ENABLE_STRICT_OBJC_MSGSEND = YES;
				ENABLE_USER_SCRIPT_SANDBOXING = YES;
				GCC_C_LANGUAGE_STANDARD = gnu17;
				GCC_NO_COMMON_BLOCKS = YES;
				GCC_WARN_64_TO_32_BIT_CONVERSION = YES;
				GCC_WARN_ABOUT_RETURN_TYPE = YES_ERROR;
				GCC_WARN_UNDECLARED_SELECTOR = YES;
				GCC_WARN_UNINITIALIZED_AUTOS = YES_AGGRESSIVE;
				GCC_WARN_UNUSED_FUNCTION = YES;
				GCC_WARN_UNUSED_VARIABLE = YES;
				IPHONEOS_DEPLOYMENT_TARGET = 18.2;
				LOCALIZATION_PREFERS_STRING_CATALOGS = YES;
				MTL_ENABLE_DEBUG_INFO = NO;
				MTL_FAST_MATH = YES;
				SDKROOT = iphoneos;
				SWIFT_COMPILATION_MODE = wholemodule;
				VALIDATE_PRODUCT = YES;
			};
			name = Release;
		};
		962E49F72DAC435F0054AC1D /* Debug */ = {
			isa = XCBuildConfiguration;
			buildSettings = {
				ASSETCATALOG_COMPILER_APPICON_NAME = AppIcon;
				ASSETCATALOG_COMPILER_GLOBAL_ACCENT_COLOR_NAME = AccentColor;
				CODE_SIGN_STYLE = Automatic;
				CURRENT_PROJECT_VERSION = 1;
				DEVELOPMENT_ASSET_PATHS = "\"iOS-Bootcamp-Project/Preview Content\"";
				ENABLE_PREVIEWS = YES;
				GENERATE_INFOPLIST_FILE = YES;
				INFOPLIST_KEY_UIApplicationSceneManifest_Generation = YES;
				INFOPLIST_KEY_UIApplicationSupportsIndirectInputEvents = YES;
				INFOPLIST_KEY_UILaunchScreen_Generation = YES;
				INFOPLIST_KEY_UISupportedInterfaceOrientations_iPad = "UIInterfaceOrientationPortrait UIInterfaceOrientationPortraitUpsideDown UIInterfaceOrientationLandscapeLeft UIInterfaceOrientationLandscapeRight";
				INFOPLIST_KEY_UISupportedInterfaceOrientations_iPhone = "UIInterfaceOrientationPortrait UIInterfaceOrientationLandscapeLeft UIInterfaceOrientationLandscapeRight";
				LD_RUNPATH_SEARCH_PATHS = (
					"$(inherited)",
					"@executable_path/Frameworks",
				);
				MARKETING_VERSION = 1.0;
				PRODUCT_BUNDLE_IDENTIFIER = "com.app.bootcamp.iOS-Bootcamp-Project";
				PRODUCT_NAME = "$(TARGET_NAME)";
				SWIFT_EMIT_LOC_STRINGS = YES;
				SWIFT_VERSION = 5.0;
				TARGETED_DEVICE_FAMILY = "1,2";
			};
			name = Debug;
		};
		962E49F82DAC435F0054AC1D /* Release */ = {
			isa = XCBuildConfiguration;
			buildSettings = {
				ASSETCATALOG_COMPILER_APPICON_NAME = AppIcon;
				ASSETCATALOG_COMPILER_GLOBAL_ACCENT_COLOR_NAME = AccentColor;
				CODE_SIGN_STYLE = Automatic;
				CURRENT_PROJECT_VERSION = 1;
				DEVELOPMENT_ASSET_PATHS = "\"iOS-Bootcamp-Project/Preview Content\"";
				ENABLE_PREVIEWS = YES;
				GENERATE_INFOPLIST_FILE = YES;
				INFOPLIST_KEY_UIApplicationSceneManifest_Generation = YES;
				INFOPLIST_KEY_UIApplicationSupportsIndirectInputEvents = YES;
				INFOPLIST_KEY_UILaunchScreen_Generation = YES;
				INFOPLIST_KEY_UISupportedInterfaceOrientations_iPad = "UIInterfaceOrientationPortrait UIInterfaceOrientationPortraitUpsideDown UIInterfaceOrientationLandscapeLeft UIInterfaceOrientationLandscapeRight";
				INFOPLIST_KEY_UISupportedInterfaceOrientations_iPhone = "UIInterfaceOrientationPortrait UIInterfaceOrientationLandscapeLeft UIInterfaceOrientationLandscapeRight";
				LD_RUNPATH_SEARCH_PATHS = (
					"$(inherited)",
					"@executable_path/Frameworks",
				);
				MARKETING_VERSION = 1.0;
				PRODUCT_BUNDLE_IDENTIFIER = "com.app.bootcamp.iOS-Bootcamp-Project";
				PRODUCT_NAME = "$(TARGET_NAME)";
				SWIFT_EMIT_LOC_STRINGS = YES;
				SWIFT_VERSION = 5.0;
				TARGETED_DEVICE_FAMILY = "1,2";
			};
			name = Release;
		};
		962E49FA2DAC435F0054AC1D /* Debug */ = {
			isa = XCBuildConfiguration;
			buildSettings = {
				BUNDLE_LOADER = "$(TEST_HOST)";
				CODE_SIGN_STYLE = Automatic;
				CURRENT_PROJECT_VERSION = 1;
				GENERATE_INFOPLIST_FILE = YES;
				IPHONEOS_DEPLOYMENT_TARGET = 18.2;
				MARKETING_VERSION = 1.0;
				PRODUCT_BUNDLE_IDENTIFIER = "com.app.bootcamp.iOS-Bootcamp-ProjectTests";
				PRODUCT_NAME = "$(TARGET_NAME)";
				SWIFT_EMIT_LOC_STRINGS = NO;
				SWIFT_VERSION = 5.0;
				TARGETED_DEVICE_FAMILY = "1,2";
				TEST_HOST = "$(BUILT_PRODUCTS_DIR)/iOS-Bootcamp-Project.app/$(BUNDLE_EXECUTABLE_FOLDER_PATH)/iOS-Bootcamp-Project";
			};
			name = Debug;
		};
		962E49FB2DAC435F0054AC1D /* Release */ = {
			isa = XCBuildConfiguration;
			buildSettings = {
				BUNDLE_LOADER = "$(TEST_HOST)";
				CODE_SIGN_STYLE = Automatic;
				CURRENT_PROJECT_VERSION = 1;
				GENERATE_INFOPLIST_FILE = YES;
				IPHONEOS_DEPLOYMENT_TARGET = 18.2;
				MARKETING_VERSION = 1.0;
				PRODUCT_BUNDLE_IDENTIFIER = "com.app.bootcamp.iOS-Bootcamp-ProjectTests";
				PRODUCT_NAME = "$(TARGET_NAME)";
				SWIFT_EMIT_LOC_STRINGS = NO;
				SWIFT_VERSION = 5.0;
				TARGETED_DEVICE_FAMILY = "1,2";
				TEST_HOST = "$(BUILT_PRODUCTS_DIR)/iOS-Bootcamp-Project.app/$(BUNDLE_EXECUTABLE_FOLDER_PATH)/iOS-Bootcamp-Project";
			};
			name = Release;
		};
		962E49FD2DAC435F0054AC1D /* Debug */ = {
			isa = XCBuildConfiguration;
			buildSettings = {
				CODE_SIGN_STYLE = Automatic;
				CURRENT_PROJECT_VERSION = 1;
				GENERATE_INFOPLIST_FILE = YES;
				MARKETING_VERSION = 1.0;
				PRODUCT_BUNDLE_IDENTIFIER = "com.app.bootcamp.iOS-Bootcamp-ProjectUITests";
				PRODUCT_NAME = "$(TARGET_NAME)";
				SWIFT_EMIT_LOC_STRINGS = NO;
				SWIFT_VERSION = 5.0;
				TARGETED_DEVICE_FAMILY = "1,2";
				TEST_TARGET_NAME = "iOS-Bootcamp-Project";
			};
			name = Debug;
		};
		962E49FE2DAC435F0054AC1D /* Release */ = {
			isa = XCBuildConfiguration;
			buildSettings = {
				CODE_SIGN_STYLE = Automatic;
				CURRENT_PROJECT_VERSION = 1;
				GENERATE_INFOPLIST_FILE = YES;
				MARKETING_VERSION = 1.0;
				PRODUCT_BUNDLE_IDENTIFIER = "com.app.bootcamp.iOS-Bootcamp-ProjectUITests";
				PRODUCT_NAME = "$(TARGET_NAME)";
				SWIFT_EMIT_LOC_STRINGS = NO;
				SWIFT_VERSION = 5.0;
				TARGETED_DEVICE_FAMILY = "1,2";
				TEST_TARGET_NAME = "iOS-Bootcamp-Project";
			};
			name = Release;
		};
/* End XCBuildConfiguration section */

/* Begin XCConfigurationList section */
		962E49CD2DAC435D0054AC1D /* Build configuration list for PBXProject "iOS-Bootcamp-Project" */ = {
			isa = XCConfigurationList;
			buildConfigurations = (
				962E49F42DAC435F0054AC1D /* Debug */,
				962E49F52DAC435F0054AC1D /* Release */,
			);
			defaultConfigurationIsVisible = 0;
			defaultConfigurationName = Release;
		};
		962E49F62DAC435F0054AC1D /* Build configuration list for PBXNativeTarget "iOS-Bootcamp-Project" */ = {
			isa = XCConfigurationList;
			buildConfigurations = (
				962E49F72DAC435F0054AC1D /* Debug */,
				962E49F82DAC435F0054AC1D /* Release */,
			);
			defaultConfigurationIsVisible = 0;
			defaultConfigurationName = Release;
		};
		962E49F92DAC435F0054AC1D /* Build configuration list for PBXNativeTarget "iOS-Bootcamp-ProjectTests" */ = {
			isa = XCConfigurationList;
			buildConfigurations = (
				962E49FA2DAC435F0054AC1D /* Debug */,
				962E49FB2DAC435F0054AC1D /* Release */,
			);
			defaultConfigurationIsVisible = 0;
			defaultConfigurationName = Release;
		};
		962E49FC2DAC435F0054AC1D /* Build configuration list for PBXNativeTarget "iOS-Bootcamp-ProjectUITests" */ = {
			isa = XCConfigurationList;
			buildConfigurations = (
				962E49FD2DAC435F0054AC1D /* Debug */,
				962E49FE2DAC435F0054AC1D /* Release */,
			);
			defaultConfigurationIsVisible = 0;
			defaultConfigurationName = Release;
		};
/* End XCConfigurationList section */

/* Begin XCRemoteSwiftPackageReference section */
		962E4A1F2DAC4B580054AC1D /* XCRemoteSwiftPackageReference "firebase-ios-sdk" */ = {
			isa = XCRemoteSwiftPackageReference;
			repositoryURL = "https://github.com/firebase/firebase-ios-sdk";
			requirement = {
				kind = upToNextMajorVersion;
				minimumVersion = 11.11.0;
			};
		};
/* End XCRemoteSwiftPackageReference section */

/* Begin XCSwiftPackageProductDependency section */
		962E4A202DAC4BC60054AC1D /* FirebaseAnalytics */ = {
			isa = XCSwiftPackageProductDependency;
			package = 962E4A1F2DAC4B580054AC1D /* XCRemoteSwiftPackageReference "firebase-ios-sdk" */;
			productName = FirebaseAnalytics;
		};
/* End XCSwiftPackageProductDependency section */
	};
	rootObject = 962E49CA2DAC435D0054AC1D /* Project object */;
}
